{
  "name": "platform",
  "version": "0.0.0",
  "lockfileVersion": 3,
  "requires": true,
  "packages": {
    "": {
      "name": "platform",
      "version": "0.0.0",
      "workspaces": [
        "packages/*"
      ],
      "devDependencies": {
        "typescript": "^5.6.3"
      },
      "engines": {
        "node": ">=22.18"
      }
    },
    "node_modules/@inneranimalmedia/cms-core": {
      "resolved": "packages/cms-core",
      "link": true
    },
    "node_modules/@inneranimalmedia/dashboard-ui": {
      "resolved": "packages/dashboard-ui",
      "link": true
    },
    "node_modules/@inneranimalmedia/identity": {
      "resolved": "packages/identity",
      "link": true
    },
    "node_modules/@inneranimalmedia/media-core": {
      "resolved": "packages/media-core",
      "link": true
    },
    "node_modules/@inneranimalmedia/platform-db": {
      "resolved": "packages/platform-db",
      "link": true
    },
    "node_modules/@inneranimalmedia/platform-protocol": {
      "resolved": "packages/platform-protocol",
      "link": true
    },
    "node_modules/@inneranimalmedia/platform-runtime": {
      "resolved": "packages/platform-runtime",
      "link": true
    },
    "node_modules/@inneranimalmedia/site-contracts": {
      "resolved": "packages/site-contracts",
      "link": true
    },
    "node_modules/@inneranimalmedia/site-renderer": {
      "resolved": "packages/site-renderer",
      "link": true
    },
    "node_modules/typescript": {
      "version": "5.9.3",
      "resolved": "https://registry.npmjs.org/typescript/-/typescript-5.9.3.tgz",
      "integrity": "sha512-jl1vZzPDinLr9eUt3J/t7V6FgNEw9QjvBPdysz9KfQDD41fQrC2Y4vKQdiaUpFT4bXlb1RHhLpp8wtm6M5TgSw==",
      "dev": true,
      "license": "Apache-2.0",
      "bin": {
        "tsc": "bin/tsc",
        "tsserver": "bin/tsserver"
      },
      "engines": {
        "node": ">=14.17"
      }
    },
    "packages/cms-core": {
      "name": "@inneranimalmedia/cms-core",
      "version": "0.0.0",
      "dependencies": {
        "@inneranimalmedia/site-contracts": "*"
      }
    },
    "packages/dashboard-ui": {
      "name": "@inneranimalmedia/dashboard-ui",
      "version": "0.0.0"
    },
    "packages/identity": {
      "name": "@inneranimalmedia/identity",
      "version": "0.0.0",
      "dependencies": {
        "@inneranimalmedia/site-contracts": "*"
      }
    },
    "packages/media-core": {
      "name": "@inneranimalmedia/media-core",
      "version": "0.0.0"
    },
    "packages/platform-db": {
      "name": "@inneranimalmedia/platform-db",
      "version": "0.0.0"
    },
    "packages/platform-protocol": {
      "name": "@inneranimalmedia/platform-protocol",
      "version": "0.0.0"
    },
    "packages/platform-runtime": {
      "name": "@inneranimalmedia/platform-runtime",
      "version": "0.0.0",
      "dependencies": {
        "@inneranimalmedia/platform-protocol": "*",
        "@inneranimalmedia/site-contracts": "*",
        "@inneranimalmedia/site-renderer": "*"
      }
    },
    "packages/site-contracts": {
      "name": "@inneranimalmedia/site-contracts",
      "version": "0.0.0"
    },
    "packages/site-renderer": {
      "name": "@inneranimalmedia/site-renderer",
      "version": "0.0.0",
      "dependencies": {
        "@inneranimalmedia/site-contracts": "*"
      }
    }
  }
}
